
Microsoft Visual Studio Solution File, Format Version 12.00
# Visual Studio Version 17
VisualStudioVersion = 17.0.31903.59
MinimumVisualStudioVersion = 10.0.40219.1
Project("{FAE04EC0-301F-11D3-BF4B-00C04F79EFBC}") = "LearnOpenTK", "LearnOpenTK.csproj", "{017CFD34-A988-4C7A-BF9D-CF113E0AF09E}"
EndProject
Global
	GlobalSection(SolutionConfigurationPlatforms) = preSolution
		Debug|Any CPU = Debug|Any CPU
		Release|Any CPU = Release|Any CPU
	EndGlobalSection
	GlobalSection(SolutionProperties) = preSolution
		HideSolutionNode = FALSE
	EndGlobalSection
	GlobalSection(ProjectConfigurationPlatforms) = postSolution
		{017CFD34-A988-4C7A-BF9D-CF113E0AF09E}.Debug|Any CPU.ActiveCfg = Debug|Any CPU
		{017CFD34-A988-4C7A-BF9D-CF113E0AF09E}.Debug|Any CPU.Build.0 = Debug|Any CPU
		{017CFD34-A988-4C7A-BF9D-CF113E0AF09E}.Release|Any CPU.ActiveCfg = Release|Any CPU
		{017CFD34-A988-4C7A-BF9D-CF113E0AF09E}.Release|Any CPU.Build.0 = Release|Any CPU
	EndGlobalSection
EndGlobal
